
Microsoft Visual Studio Solution File, Format Version 12.00
# Visual Studio Version 16
VisualStudioVersion = 16.0.29519.87
MinimumVisualStudioVersion = 10.0.40219.1
Project("{F184B08F-C81C-45F6-A57F-5ABD9991F28F}") = "FlashedLOL", "FlashedLOL\FlashedLOL.vbproj", "{7373C749-DA11-49B0-98FB-F9573D393775}"
EndProject
Project("{2150E333-8FDC-42A3-9474-1A3956D46DE8}") = "Solution Items", "Solution Items", "{8667724D-ABA5-4252-94E4-1F01A56ADFEA}"
	ProjectSection(SolutionItems) = preProject
		FlashedLOL\ets.vb = FlashedLOL\ets.vb
	EndProjectSection
EndProject
Project("{FAE04EC0-301F-11D3-BF4B-00C04F79EFBC}") = "FlahedLOLUpdater", "FlahedLOLUpdater\FlahedLOLUpdater.csproj", "{19DD92A8-4C0A-4003-96B7-237DE14DC3B3}"
EndProject
Global
	GlobalSection(SolutionConfigurationPlatforms) = preSolution
		Debug|Any CPU = Debug|Any CPU
		Debug|x86 = Debug|x86
		Release|Any CPU = Release|Any CPU
		Release|x86 = Release|x86
	EndGlobalSection
	GlobalSection(ProjectConfigurationPlatforms) = postSolution
		{7373C749-DA11-49B0-98FB-F9573D393775}.Debug|Any CPU.ActiveCfg = Debug|x86
		{7373C749-DA11-49B0-98FB-F9573D393775}.Debug|x86.ActiveCfg = Debug|x86
		{7373C749-DA11-49B0-98FB-F9573D393775}.Debug|x86.Build.0 = Debug|x86
		{7373C749-DA11-49B0-98FB-F9573D393775}.Release|Any CPU.ActiveCfg = Release|x86
		{7373C749-DA11-49B0-98FB-F9573D393775}.Release|x86.ActiveCfg = Release|x86
		{7373C749-DA11-49B0-98FB-F9573D393775}.Release|x86.Build.0 = Release|x86
		{19DD92A8-4C0A-4003-96B7-237DE14DC3B3}.Debug|Any CPU.ActiveCfg = Debug|Any CPU
		{19DD92A8-4C0A-4003-96B7-237DE14DC3B3}.Debug|Any CPU.Build.0 = Debug|Any CPU
		{19DD92A8-4C0A-4003-96B7-237DE14DC3B3}.Debug|x86.ActiveCfg = Debug|Any CPU
		{19DD92A8-4C0A-4003-96B7-237DE14DC3B3}.Debug|x86.Build.0 = Debug|Any CPU
		{19DD92A8-4C0A-4003-96B7-237DE14DC3B3}.Release|Any CPU.ActiveCfg = Release|Any CPU
		{19DD92A8-4C0A-4003-96B7-237DE14DC3B3}.Release|Any CPU.Build.0 = Release|Any CPU
		{19DD92A8-4C0A-4003-96B7-237DE14DC3B3}.Release|x86.ActiveCfg = Release|Any CPU
		{19DD92A8-4C0A-4003-96B7-237DE14DC3B3}.Release|x86.Build.0 = Release|Any CPU
	EndGlobalSection
	GlobalSection(SolutionProperties) = preSolution
		HideSolutionNode = FALSE
	EndGlobalSection
	GlobalSection(ExtensibilityGlobals) = postSolution
		SolutionGuid = {CD3D732B-E37F-4399-BCC0-BAE2D9FCE50C}
	EndGlobalSection
EndGlobal
